
Microsoft Visual Studio Solution File, Format Version 12.00
# Visual Studio Version 16
VisualStudioVersion = 16.0.30330.147
MinimumVisualStudioVersion = 10.0.40219.1
Project("{9A19103F-16F7-4668-BE54-9A1E7A4F7556}") = "azure-app-insights-sample", "sample\azure-app-insights-sample.csproj", "{7E97AA44-BB7E-414B-8253-27DD54C8BFD5}"
EndProject
Project("{9A19103F-16F7-4668-BE54-9A1E7A4F7556}") = "azure-app-insights-sdk", "src\azure-app-insights-sdk.csproj", "{F0D70EE1-5748-4F62-B579-1FC90D01F7AB}"
EndProject
Project("{2150E333-8FDC-42A3-9474-1A3956D46DE8}") = "ReadMe", "ReadMe", "{7A5BCC74-82E8-49E6-9335-89DA877F290F}"
	ProjectSection(SolutionItems) = preProject
		README.md = README.md
	EndProjectSection
EndProject
Global
	GlobalSection(SolutionConfigurationPlatforms) = preSolution
		Debug|Any CPU = Debug|Any CPU
		Release|Any CPU = Release|Any CPU
	EndGlobalSection
	GlobalSection(ProjectConfigurationPlatforms) = postSolution
		{7E97AA44-BB7E-414B-8253-27DD54C8BFD5}.Debug|Any CPU.ActiveCfg = Debug|Any CPU
		{7E97AA44-BB7E-414B-8253-27DD54C8BFD5}.Debug|Any CPU.Build.0 = Debug|Any CPU
		{7E97AA44-BB7E-414B-8253-27DD54C8BFD5}.Release|Any CPU.ActiveCfg = Release|Any CPU
		{7E97AA44-BB7E-414B-8253-27DD54C8BFD5}.Release|Any CPU.Build.0 = Release|Any CPU
		{F0D70EE1-5748-4F62-B579-1FC90D01F7AB}.Debug|Any CPU.ActiveCfg = Debug|Any CPU
		{F0D70EE1-5748-4F62-B579-1FC90D01F7AB}.Debug|Any CPU.Build.0 = Debug|Any CPU
		{F0D70EE1-5748-4F62-B579-1FC90D01F7AB}.Release|Any CPU.ActiveCfg = Release|Any CPU
		{F0D70EE1-5748-4F62-B579-1FC90D01F7AB}.Release|Any CPU.Build.0 = Release|Any CPU
	EndGlobalSection
	GlobalSection(SolutionProperties) = preSolution
		HideSolutionNode = FALSE
	EndGlobalSection
	GlobalSection(ExtensibilityGlobals) = postSolution
		SolutionGuid = {46B328DB-4A50-45AB-8528-E9F89BD89448}
	EndGlobalSection
EndGlobal
